
Microsoft Visual Studio Solution File, Format Version 12.00
# Visual Studio Version 17
VisualStudioVersion = 17.4.33205.214
MinimumVisualStudioVersion = 10.0.40219.1
Project("{9A19103F-16F7-4668-BE54-9A1E7A4F7556}") = "Samco HSE Manager", "Samco HSE Manager\Samco HSE Manager.csproj", "{24A7AEA8-C666-4731-A79D-D09D5B5C7B57}"
EndProject
Global
	GlobalSection(SolutionConfigurationPlatforms) = preSolution
		Debug|Any CPU = Debug|Any CPU
		Release|Any CPU = Release|Any CPU
	EndGlobalSection
	GlobalSection(ProjectConfigurationPlatforms) = postSolution
		{24A7AEA8-C666-4731-A79D-D09D5B5C7B57}.Debug|Any CPU.ActiveCfg = Debug|Any CPU
		{24A7AEA8-C666-4731-A79D-D09D5B5C7B57}.Debug|Any CPU.Build.0 = Debug|Any CPU
		{24A7AEA8-C666-4731-A79D-D09D5B5C7B57}.Release|Any CPU.ActiveCfg = Release|Any CPU
		{24A7AEA8-C666-4731-A79D-D09D5B5C7B57}.Release|Any CPU.Build.0 = Release|Any CPU
	EndGlobalSection
	GlobalSection(SolutionProperties) = preSolution
		HideSolutionNode = FALSE
	EndGlobalSection
	GlobalSection(ExtensibilityGlobals) = postSolution
		SolutionGuid = {7D2F3721-1404-4363-A7FA-44A8618FC732}
	EndGlobalSection
EndGlobal
